# This file is automatically @generated by Cargo.
# It is not intended for manual editing.
version = 4

[[package]]
name = "aletheia-core"
version = "0.1.0"

[[package]]
name = "aletheia-gb"
version = "0.1.0"

[[package]]
name = "aletheia-lab-cli"
version = "0.1.0"

[[package]]
name = "aletheia-nes"
version = "0.1.0"
